# THIS IS AN AUTOGENERATED FILE. DO NOT EDIT THIS FILE DIRECTLY.
# yarn lockfile v1


"@types/node@^12.0.10":
  version "12.0.10"
  resolved "https://registry.yarnpkg.com/@types/node/-/node-12.0.10.tgz#51babf9c7deadd5343620055fc8aff7995c8b031"
  integrity sha512-LcsGbPomWsad6wmMNv7nBLw7YYYyfdYcz6xryKYQhx89c3XXan+8Q6AJ43G5XDIaklaVkK3mE4fCb0SBvMiPSQ==

"@types/zen-observable@^0.8.0":
  version "0.8.0"
  resolved "https://registry.yarnpkg.com/@types/zen-observable/-/zen-observable-0.8.0.tgz#8b63ab7f1aa5321248aad5ac890a485656dcea4d"
  integrity sha512-te5lMAWii1uEJ4FwLjzdlbw3+n0FZNOvFXHxQDKeT0dilh7HOzdMzV2TrJVUzq8ep7J4Na8OUYPRLSQkJHAlrg==

"@wry/context@^0.4.0":
  version "0.4.0"
  resolved "https://registry.yarnpkg.com/@wry/context/-/context-0.4.0.tgz#8a8718408e4dd0514a0f8f4231bb4b87130b34e3"
  integrity sha512-rVjwzFjVYXJ8pWJ8ZRCHv6meOebQvfTlvnUYUNX93Ce0KNeMTqCkf0GiOJc6BNVB96s7qfvwoLN3nUgDnSFOOg==
  dependencies:
    tslib "^1.9.3"

apollo-boost@^0.4.0:
  version "0.4.0"
  resolved "https://registry.yarnpkg.com/apollo-boost/-/apollo-boost-0.4.0.tgz#3bf74926b6aba5b74794e127a858dd6d77b0b79b"
  integrity sha512-C2Ba2G0Ae3BpXZX1t8zbKltHSW87tvRDwXZB/CJkTd9Qfqym+7yu285Re7X0u3zyDwhA6jftCKP21f36gha7cA==
  dependencies:
    apollo-cache "^1.3.0"
    apollo-cache-inmemory "^1.6.0"
    apollo-client "^2.6.0"
    apollo-link "^1.0.6"
    apollo-link-error "^1.0.3"
    apollo-link-http "^1.3.1"
    graphql-tag "^2.4.2"
    ts-invariant "^0.4.0"
    tslib "^1.9.3"

apollo-cache-inmemory@^1.6.0:
  version "1.6.0"
  resolved "https://registry.yarnpkg.com/apollo-cache-inmemory/-/apollo-cache-inmemory-1.6.0.tgz#a106cdc520f0a043be2575372d5dbb7e4790254c"
  integrity sha512-Mr86ucMsXnRH9YRvcuuy6kc3dtyRBuVSo8gdxp2sJVuUAtvQ6r/8E+ok2qX84em9ZBAYxoyvPnKeShhvcKiiDw==
  dependencies:
    apollo-cache "^1.3.0"
    apollo-utilities "^1.3.0"
    optimism "^0.9.0"
    ts-invariant "^0.4.0"
    tslib "^1.9.3"

apollo-cache@1.3.0, apollo-cache@^1.3.0:
  version "1.3.0"
  resolved "https://registry.yarnpkg.com/apollo-cache/-/apollo-cache-1.3.0.tgz#de5c907cbd329440c9b0aafcbe8436391b9e6142"
  integrity sha512-voPlvSIDA2pY3+7QwtXPs7o5uSNAVjUKwimyHWoiW0MIZtPxawtOV/Y+BL85R227JqcjPic1El+QToVR8l4ytQ==
  dependencies:
    apollo-utilities "^1.3.0"
    tslib "^1.9.3"

apollo-client@^2.6.0:
  version "2.6.0"
  resolved "https://registry.yarnpkg.com/apollo-client/-/apollo-client-2.6.0.tgz#9b66c04cd96d622cd72f92e584e7403c17532831"
  integrity sha512-Z6oSD45vyw6maktMABXTaJliWdFJy4ihZGxbRh7rY65RWNz0HSm3IX66shLavdNqd4lpOcVuAufJl+w8u6RhLQ==
  dependencies:
    "@types/zen-observable" "^0.8.0"
    apollo-cache "1.3.0"
    apollo-link "^1.0.0"
    apollo-utilities "1.3.0"
    symbol-observable "^1.0.2"
    ts-invariant "^0.4.0"
    tslib "^1.9.3"
    zen-observable "^0.8.0"

apollo-link-error@^1.0.3:
  version "1.1.10"
  resolved "https://registry.yarnpkg.com/apollo-link-error/-/apollo-link-error-1.1.10.tgz#ce57f0793f0923b598655de5bf5e028d4cf4fba6"
  integrity sha512-itG5UV7mQqaalmRkuRsF0cUS4zW2ja8XCbxkMZnIEeN24X3yoJi5hpJeAaEkXf0KgYNsR0+rmtCQNruWyxDnZQ==
  dependencies:
    apollo-link "^1.2.11"
    apollo-link-http-common "^0.2.13"
    tslib "^1.9.3"

apollo-link-http-common@^0.2.13:
  version "0.2.13"
  resolved "https://registry.yarnpkg.com/apollo-link-http-common/-/apollo-link-http-common-0.2.13.tgz#c688f6baaffdc7b269b2db7ae89dae7c58b5b350"
  integrity sha512-Uyg1ECQpTTA691Fwx5e6Rc/6CPSu4TB4pQRTGIpwZ4l5JDOQ+812Wvi/e3IInmzOZpwx5YrrOfXrtN8BrsDXoA==
  dependencies:
    apollo-link "^1.2.11"
    ts-invariant "^0.3.2"
    tslib "^1.9.3"

apollo-link-http@^1.3.1, apollo-link-http@^1.5.14:
  version "1.5.14"
  resolved "https://registry.yarnpkg.com/apollo-link-http/-/apollo-link-http-1.5.14.tgz#ed6292248d1819ccd16523e346d35203a1b31109"
  integrity sha512-XEoPXmGpxFG3wioovgAlPXIarWaW4oWzt8YzjTYZ87R4R7d1A3wKR/KcvkdMV1m5G7YSAHcNkDLe/8hF2nH6cg==
  dependencies:
    apollo-link "^1.2.11"
    apollo-link-http-common "^0.2.13"
    tslib "^1.9.3"

apollo-link@^1.0.0, apollo-link@^1.0.6, apollo-link@^1.2.11:
  version "1.2.11"
  resolved "https://registry.yarnpkg.com/apollo-link/-/apollo-link-1.2.11.tgz#493293b747ad3237114ccd22e9f559e5e24a194d"
  integrity sha512-PQvRCg13VduLy3X/0L79M6uOpTh5iHdxnxYuo8yL7sJlWybKRJwsv4IcRBJpMFbChOOaHY7Og9wgPo6DLKDKDA==
  dependencies:
    apollo-utilities "^1.2.1"
    ts-invariant "^0.3.2"
    tslib "^1.9.3"
    zen-observable-ts "^0.8.18"

apollo-utilities@1.3.0, apollo-utilities@^1.2.1, apollo-utilities@^1.3.0:
  version "1.3.0"
  resolved "https://registry.yarnpkg.com/apollo-utilities/-/apollo-utilities-1.3.0.tgz#9803724c07ac94ca11dc26397edb58735d2b0211"
  integrity sha512-wQjV+FdWcTWmWUFlChG5rS0vHKy5OsXC6XlV9STRstQq6VbXANwHy6DHnTEQAfLXWAbNcPgBu+nBUpR3dFhwrA==
  dependencies:
    fast-json-stable-stringify "^2.0.0"
    ts-invariant "^0.4.0"
    tslib "^1.9.3"

bson@^1.1.1:
  version "1.1.6"
  resolved "https://registry.yarnpkg.com/bson/-/bson-1.1.6.tgz#fb819be9a60cd677e0853aee4ca712a785d6618a"
  integrity sha512-EvVNVeGo4tHxwi8L6bPj3y3itEvStdwvvlojVxxbyYfoaxJ6keLgrTuKdyfEAszFK+H3olzBuafE0yoh0D1gdg==

cross-fetch@^3.0.4:
  version "3.0.4"
  resolved "https://registry.yarnpkg.com/cross-fetch/-/cross-fetch-3.0.4.tgz#7bef7020207e684a7638ef5f2f698e24d9eb283c"
  integrity sha512-MSHgpjQqgbT/94D4CyADeNoYh52zMkCX4pcJvPP5WqPsLFMKjr2TCMg381ox5qI0ii2dPwaLx/00477knXqXVw==
  dependencies:
    node-fetch "2.6.0"
    whatwg-fetch "3.0.0"

fast-json-stable-stringify@^2.0.0:
  version "2.0.0"
  resolved "https://registry.yarnpkg.com/fast-json-stable-stringify/-/fast-json-stable-stringify-2.0.0.tgz#d5142c0caee6b1189f87d3a76111064f86c8bbf2"
  integrity sha1-1RQsDK7msRifh9OnYREGT4bIu/I=

graphql-tag@^2.10.1, graphql-tag@^2.4.2:
  version "2.10.1"
  resolved "https://registry.yarnpkg.com/graphql-tag/-/graphql-tag-2.10.1.tgz#10aa41f1cd8fae5373eaf11f1f67260a3cad5e02"
  integrity sha512-jApXqWBzNXQ8jYa/HLkZJaVw9jgwNqZkywa2zfFn16Iv1Zb7ELNHkJaXHR7Quvd5SIGsy6Ny7SUKATgnu05uEg==

graphql@^14.3.0:
  version "14.3.0"
  resolved "https://registry.yarnpkg.com/graphql/-/graphql-14.3.0.tgz#34dd36faa489ff642bcd25df6c3b4f988a1a2f3e"
  integrity sha512-MdfI4v7kSNC3NhB7cF8KNijDsifuWO2XOtzpyququqaclO8wVuChYv+KogexDwgP5sp7nFI9Z6N4QHgoLkfjrg==
  dependencies:
    iterall "^1.2.2"

invariant@^2.2.4:
  version "2.2.4"
  resolved "https://registry.yarnpkg.com/invariant/-/invariant-2.2.4.tgz#610f3c92c9359ce1db616e538008d23ff35158e6"
  integrity sha512-phJfQVBuaJM5raOpJjSfkiD6BpbCE4Ns//LaXl6wGYtUBY83nWS6Rf9tXm2e8VaK60JEjYldbPif/A2B1C2gNA==
  dependencies:
    loose-envify "^1.0.0"

iterall@^1.2.2:
  version "1.2.2"
  resolved "https://registry.yarnpkg.com/iterall/-/iterall-1.2.2.tgz#92d70deb8028e0c39ff3164fdbf4d8b088130cd7"
  integrity sha512-yynBb1g+RFUPY64fTrFv7nsjRrENBQJaX2UL+2Szc9REFrSNm1rpSXHGzhmAy7a9uv3vlvgBlXnf9RqmPH1/DA==

"js-tokens@^3.0.0 || ^4.0.0":
  version "4.0.0"
  resolved "https://registry.yarnpkg.com/js-tokens/-/js-tokens-4.0.0.tgz#19203fb59991df98e3a287050d4647cdeaf32499"
  integrity sha512-RdJUflcE3cUzKiMqQgsCu06FPu9UdIJO0beYbPhHN4k6apgJtifcoCtT9bcxOpYBtpD2kCM6Sbzg4CausW/PKQ==

loose-envify@^1.0.0:
  version "1.4.0"
  resolved "https://registry.yarnpkg.com/loose-envify/-/loose-envify-1.4.0.tgz#71ee51fa7be4caec1a63839f7e682d8132d30caf"
  integrity sha512-lyuxPGr/Wfhrlem2CL/UcnUc1zcqKAImBDzukY7Y5F/yQiNdko6+fRLevlw1HgMySw7f611UIY408EtxRSoK3Q==
  dependencies:
    js-tokens "^3.0.0 || ^4.0.0"

memory-pager@^1.0.2:
  version "1.5.0"
  resolved "https://registry.yarnpkg.com/memory-pager/-/memory-pager-1.5.0.tgz#d8751655d22d384682741c972f2c3d6dfa3e66b5"
  integrity sha512-ZS4Bp4r/Zoeq6+NLJpP+0Zzm0pR8whtGPf1XExKLJBAczGMnSi3It14OiNCStjQjM6NU1okjQGSxgEZN8eBYKg==

mongodb-core@3.2.7:
  version "3.2.7"
  resolved "https://registry.yarnpkg.com/mongodb-core/-/mongodb-core-3.2.7.tgz#a8ef1fe764a192c979252dacbc600dc88d77e28f"
  integrity sha512-WypKdLxFNPOH/Jy6i9z47IjG2wIldA54iDZBmHMINcgKOUcWJh8og+Wix76oGd7EyYkHJKssQ2FAOw5Su/n4XQ==
  dependencies:
    bson "^1.1.1"
    require_optional "^1.0.1"
    safe-buffer "^5.1.2"
  optionalDependencies:
    saslprep "^1.0.0"

mongodb@^3.2.7:
  version "3.2.7"
  resolved "https://registry.yarnpkg.com/mongodb/-/mongodb-3.2.7.tgz#8ba149e4be708257cad0dea72aebb2bbb311a7ac"
  integrity sha512-2YdWrdf1PJgxcCrT1tWoL6nHuk6hCxhddAAaEh8QJL231ci4+P9FLyqopbTm2Z2sAU6mhCri+wd9r1hOcHdoMw==
  dependencies:
    mongodb-core "3.2.7"
    safe-buffer "^5.1.2"

node-fetch@2.6.0:
  version "2.6.0"
  resolved "https://registry.yarnpkg.com/node-fetch/-/node-fetch-2.6.0.tgz#e633456386d4aa55863f676a7ab0daa8fdecb0fd"
  integrity sha512-8dG4H5ujfvFiqDmVu9fQ5bOHUC15JMjMY/Zumv26oOvvVJjM67KF8koCWIabKQ1GJIa9r2mMZscBq/TbdOcmNA==

optimism@^0.9.0:
  version "0.9.5"
  resolved "https://registry.yarnpkg.com/optimism/-/optimism-0.9.5.tgz#b8b5dc9150e97b79ddbf2d2c6c0e44de4d255527"
  integrity sha512-lNvmuBgONAGrUbj/xpH69FjMOz1d0jvMNoOCKyVynUPzq2jgVlGL4jFYJqrUHzUfBv+jAFSCP61x5UkfbduYJA==
  dependencies:
    "@wry/context" "^0.4.0"

require_optional@^1.0.1:
  version "1.0.1"
  resolved "https://registry.yarnpkg.com/require_optional/-/require_optional-1.0.1.tgz#4cf35a4247f64ca3df8c2ef208cc494b1ca8fc2e"
  integrity sha512-qhM/y57enGWHAe3v/NcwML6a3/vfESLe/sGM2dII+gEO0BpKRUkWZow/tyloNqJyN6kXSl3RyyM8Ll5D/sJP8g==
  dependencies:
    resolve-from "^2.0.0"
    semver "^5.1.0"

resolve-from@^2.0.0:
  version "2.0.0"
  resolved "https://registry.yarnpkg.com/resolve-from/-/resolve-from-2.0.0.tgz#9480ab20e94ffa1d9e80a804c7ea147611966b57"
  integrity sha1-lICrIOlP+h2egKgEx+oUdhGWa1c=

safe-buffer@^5.1.2:
  version "5.1.2"
  resolved "https://registry.yarnpkg.com/safe-buffer/-/safe-buffer-5.1.2.tgz#991ec69d296e0313747d59bdfd2b745c35f8828d"
  integrity sha512-Gd2UZBJDkXlY7GbJxfsE8/nvKkUEU1G38c1siN6QP6a9PT9MmHB8GnpscSmMJSoF8LOIrt8ud/wPtojys4G6+g==

saslprep@^1.0.0:
  version "1.0.3"
  resolved "https://registry.yarnpkg.com/saslprep/-/saslprep-1.0.3.tgz#4c02f946b56cf54297e347ba1093e7acac4cf226"
  integrity sha512-/MY/PEMbk2SuY5sScONwhUDsV2p77Znkb/q3nSVstq/yQzYJOH/Azh29p9oJLsl3LnQwSvZDKagDGBsBwSooag==
  dependencies:
    sparse-bitfield "^3.0.3"

semver@^5.1.0:
  version "5.7.0"
  resolved "https://registry.yarnpkg.com/semver/-/semver-5.7.0.tgz#790a7cf6fea5459bac96110b29b60412dc8ff96b"
  integrity sha512-Ya52jSX2u7QKghxeoFGpLwCtGlt7j0oY9DYb5apt9nPlJ42ID+ulTXESnt/qAQcoSERyZ5sl3LDIOw0nAn/5DA==

sparse-bitfield@^3.0.3:
  version "3.0.3"
  resolved "https://registry.yarnpkg.com/sparse-bitfield/-/sparse-bitfield-3.0.3.tgz#ff4ae6e68656056ba4b3e792ab3334d38273ca11"
  integrity sha1-/0rm5oZWBWuks+eSqzM004JzyhE=
  dependencies:
    memory-pager "^1.0.2"

symbol-observable@^1.0.2:
  version "1.2.0"
  resolved "https://registry.yarnpkg.com/symbol-observable/-/symbol-observable-1.2.0.tgz#c22688aed4eab3cdc2dfeacbb561660560a00804"
  integrity sha512-e900nM8RRtGhlV36KGEU9k65K3mPb1WV70OdjfxlG2EAuM1noi/E/BaW/uMhL7bPEssK8QV57vN3esixjUvcXQ==

ts-invariant@^0.3.2:
  version "0.3.3"
  resolved "https://registry.yarnpkg.com/ts-invariant/-/ts-invariant-0.3.3.tgz#b5742b1885ecf9e29c31a750307480f045ec0b16"
  integrity sha512-UReOKsrJFGC9tUblgSRWo+BsVNbEd77Cl6WiV/XpMlkifXwNIJbknViCucHvVZkXSC/mcWeRnIGdY7uprcwvdQ==
  dependencies:
    tslib "^1.9.3"

ts-invariant@^0.4.0:
  version "0.4.2"
  resolved "https://registry.yarnpkg.com/ts-invariant/-/ts-invariant-0.4.2.tgz#8685131b8083e67c66d602540e78763408be9113"
  integrity sha512-PTAAn8lJPEdRBJJEs4ig6MVZWfO12yrFzV7YaPslmyhG7+4MA279y4BXT3f72gXeVl0mC1aAWq2rMX4eKTWU/Q==
  dependencies:
    tslib "^1.9.3"

ts-invariant@^0.4.4:
  version "0.4.4"
  resolved "https://registry.yarnpkg.com/ts-invariant/-/ts-invariant-0.4.4.tgz#97a523518688f93aafad01b0e80eb803eb2abd86"
  integrity sha512-uEtWkFM/sdZvRNNDL3Ehu4WVpwaulhwQszV8mrtcdeE8nN00BV9mAmQ88RkrBhFgl9gMgvjJLAQcZbnPXI9mlA==
  dependencies:
    tslib "^1.9.3"

tslib@^1.9.3:
  version "1.9.3"
  resolved "https://registry.yarnpkg.com/tslib/-/tslib-1.9.3.tgz#d7e4dd79245d85428c4d7e4822a79917954ca286"
  integrity sha512-4krF8scpejhaOgqzBEcGM7yDIEfi0/8+8zDRZhNZZ2kjmHJ4hv3zCbQWxoJGz1iw5U0Jl0nma13xzHXcncMavQ==

typescript@^3.4.5:
  version "3.4.5"
  resolved "https://registry.yarnpkg.com/typescript/-/typescript-3.4.5.tgz#2d2618d10bb566572b8d7aad5180d84257d70a99"
  integrity sha512-YycBxUb49UUhdNMU5aJ7z5Ej2XGmaIBL0x34vZ82fn3hGvD+bgrMrVDpatgz2f7YxUMJxMkbWxJZeAvDxVe7Vw==

whatwg-fetch@3.0.0:
  version "3.0.0"
  resolved "https://registry.yarnpkg.com/whatwg-fetch/-/whatwg-fetch-3.0.0.tgz#fc804e458cc460009b1a2b966bc8817d2578aefb"
  integrity sha512-9GSJUgz1D4MfyKU7KRqwOjXCXTqWdFNvEr7eUBYchQiVc744mqK/MzXPNR2WsPkmkOa4ywfg8C2n8h+13Bey1Q==

zen-observable-ts@^0.8.18:
  version "0.8.18"
  resolved "https://registry.yarnpkg.com/zen-observable-ts/-/zen-observable-ts-0.8.18.tgz#ade44b1060cc4a800627856ec10b9c67f5f639c8"
  integrity sha512-q7d05s75Rn1j39U5Oapg3HI2wzriVwERVo4N7uFGpIYuHB9ff02P/E92P9B8T7QVC93jCMHpbXH7X0eVR5LA7A==
  dependencies:
    tslib "^1.9.3"
    zen-observable "^0.8.0"

zen-observable@^0.8.0:
  version "0.8.14"
  resolved "https://registry.yarnpkg.com/zen-observable/-/zen-observable-0.8.14.tgz#d33058359d335bc0db1f0af66158b32872af3bf7"
  integrity sha512-kQz39uonEjEESwh+qCi83kcC3rZJGh4mrZW7xjkSQYXkq//JZHTtKo+6yuVloTgMtzsIWOJrjIrKvk/dqm0L5g==
